
Microsoft Visual Studio Solution File, Format Version 12.00
# Visual Studio 2012
Project("{8BC9CEB8-8B4A-11D0-8D11-00A0C91BC942}") = "Card Game", "Card Game\Card Game.vcxproj", "{D50AB877-404B-4B78-A0CB-8C269EAA4376}"
EndProject
Global
	GlobalSection(SolutionConfigurationPlatforms) = preSolution
		Debug|Win32 = Debug|Win32
		Release|Win32 = Release|Win32
	EndGlobalSection
	GlobalSection(ProjectConfigurationPlatforms) = postSolution
		{D50AB877-404B-4B78-A0CB-8C269EAA4376}.Debug|Win32.ActiveCfg = Debug|Win32
		{D50AB877-404B-4B78-A0CB-8C269EAA4376}.Debug|Win32.Build.0 = Debug|Win32
		{D50AB877-404B-4B78-A0CB-8C269EAA4376}.Release|Win32.ActiveCfg = Release|Win32
		{D50AB877-404B-4B78-A0CB-8C269EAA4376}.Release|Win32.Build.0 = Release|Win32
	EndGlobalSection
	GlobalSection(SolutionProperties) = preSolution
		HideSolutionNode = FALSE
	EndGlobalSection
EndGlobal
